Microsoft Visual Studio Solution File, Format Version 12.00
# Visual Studio Version 17
VisualStudioVersion = 17.5.2.0
MinimumVisualStudioVersion = 10.0.40219.1
Project("{FAE04EC0-301F-11D3-BF4B-00C04F79EFBC}") = "Bank_Account", "Bank_Account.csproj", "{DCEAEDB5-F334-8B22-1606-3542C8343903}"
EndProject
Global
	GlobalSection(SolutionConfigurationPlatforms) = preSolution
		Debug|Any CPU = Debug|Any CPU
		Release|Any CPU = Release|Any CPU
	EndGlobalSection
	GlobalSection(ProjectConfigurationPlatforms) = postSolution
		{DCEAEDB5-F334-8B22-1606-3542C8343903}.Debug|Any CPU.ActiveCfg = Debug|Any CPU
		{DCEAEDB5-F334-8B22-1606-3542C8343903}.Debug|Any CPU.Build.0 = Debug|Any CPU
		{DCEAEDB5-F334-8B22-1606-3542C8343903}.Release|Any CPU.ActiveCfg = Release|Any CPU
		{DCEAEDB5-F334-8B22-1606-3542C8343903}.Release|Any CPU.Build.0 = Release|Any CPU
	EndGlobalSection
	GlobalSection(SolutionProperties) = preSolution
		HideSolutionNode = FALSE
	EndGlobalSection
	GlobalSection(ExtensibilityGlobals) = postSolution
		SolutionGuid = {13F1AF15-F8D5-40CE-A40E-F132EB5E4DE2}
	EndGlobalSection
EndGlobal
